
Microsoft Visual Studio Solution File, Format Version 12.00
# Visual Studio Version 17
VisualStudioVersion = 17.9.34622.214
MinimumVisualStudioVersion = 10.0.40219.1
Project("{8BC9CEB8-8B4A-11D0-8D11-00A0C91BC942}") = "Pointer", "Pointer\Pointer.vcxproj", "{57AC3BCF-D787-46DD-957F-9473D03A2411}"
EndProject
Project("{8BC9CEB8-8B4A-11D0-8D11-00A0C91BC942}") = "TransferParameters", "TransferParameters\TransferParameters.vcxproj", "{6A3FD747-45A5-43BD-B8E6-E05D3174549A}"
EndProject
Project("{8BC9CEB8-8B4A-11D0-8D11-00A0C91BC942}") = "References", "References\References.vcxproj", "{1645C3AA-5A5B-4190-A070-660112C5125A}"
EndProject
Project("{8BC9CEB8-8B4A-11D0-8D11-00A0C91BC942}") = "DynamicMemory", "DynamicMemory\DynamicMemory.vcxproj", "{774E8E88-283F-48E2-8018-0CFB28A8DC34}"
EndProject
Project("{8BC9CEB8-8B4A-11D0-8D11-00A0C91BC942}") = "Split", "Split\Split.vcxproj", "{FFA543F8-BBC5-4E11-B9B4-FE5515282C7F}"
EndProject
Project("{8BC9CEB8-8B4A-11D0-8D11-00A0C91BC942}") = "DynamicMemory2", "DynamicMemory2\DynamicMemory2.vcxproj", "{C7CD1DDA-39C9-4474-A2FA-4D7F88DEC310}"
EndProject
Global
	GlobalSection(SolutionConfigurationPlatforms) = preSolution
		Debug|x64 = Debug|x64
		Debug|x86 = Debug|x86
		Release|x64 = Release|x64
		Release|x86 = Release|x86
	EndGlobalSection
	GlobalSection(ProjectConfigurationPlatforms) = postSolution
		{57AC3BCF-D787-46DD-957F-9473D03A2411}.Debug|x64.ActiveCfg = Debug|x64
		{57AC3BCF-D787-46DD-957F-9473D03A2411}.Debug|x64.Build.0 = Debug|x64
		{57AC3BCF-D787-46DD-957F-9473D03A2411}.Debug|x86.ActiveCfg = Debug|Win32
		{57AC3BCF-D787-46DD-957F-9473D03A2411}.Debug|x86.Build.0 = Debug|Win32
		{57AC3BCF-D787-46DD-957F-9473D03A2411}.Release|x64.ActiveCfg = Release|x64
		{57AC3BCF-D787-46DD-957F-9473D03A2411}.Release|x64.Build.0 = Release|x64
		{57AC3BCF-D787-46DD-957F-9473D03A2411}.Release|x86.ActiveCfg = Release|Win32
		{57AC3BCF-D787-46DD-957F-9473D03A2411}.Release|x86.Build.0 = Release|Win32
		{6A3FD747-45A5-43BD-B8E6-E05D3174549A}.Debug|x64.ActiveCfg = Debug|x64
		{6A3FD747-45A5-43BD-B8E6-E05D3174549A}.Debug|x64.Build.0 = Debug|x64
		{6A3FD747-45A5-43BD-B8E6-E05D3174549A}.Debug|x86.ActiveCfg = Debug|Win32
		{6A3FD747-45A5-43BD-B8E6-E05D3174549A}.Debug|x86.Build.0 = Debug|Win32
		{6A3FD747-45A5-43BD-B8E6-E05D3174549A}.Release|x64.ActiveCfg = Release|x64
		{6A3FD747-45A5-43BD-B8E6-E05D3174549A}.Release|x64.Build.0 = Release|x64
		{6A3FD747-45A5-43BD-B8E6-E05D3174549A}.Release|x86.ActiveCfg = Release|Win32
		{6A3FD747-45A5-43BD-B8E6-E05D3174549A}.Release|x86.Build.0 = Release|Win32
		{1645C3AA-5A5B-4190-A070-660112C5125A}.Debug|x64.ActiveCfg = Debug|x64
		{1645C3AA-5A5B-4190-A070-660112C5125A}.Debug|x64.Build.0 = Debug|x64
		{1645C3AA-5A5B-4190-A070-660112C5125A}.Debug|x86.ActiveCfg = Debug|Win32
		{1645C3AA-5A5B-4190-A070-660112C5125A}.Debug|x86.Build.0 = Debug|Win32
		{1645C3AA-5A5B-4190-A070-660112C5125A}.Release|x64.ActiveCfg = Release|x64
		{1645C3AA-5A5B-4190-A070-660112C5125A}.Release|x64.Build.0 = Release|x64
		{1645C3AA-5A5B-4190-A070-660112C5125A}.Release|x86.ActiveCfg = Release|Win32
		{1645C3AA-5A5B-4190-A070-660112C5125A}.Release|x86.Build.0 = Release|Win32
		{774E8E88-283F-48E2-8018-0CFB28A8DC34}.Debug|x64.ActiveCfg = Debug|x64
		{774E8E88-283F-48E2-8018-0CFB28A8DC34}.Debug|x64.Build.0 = Debug|x64
		{774E8E88-283F-48E2-8018-0CFB28A8DC34}.Debug|x86.ActiveCfg = Debug|Win32
		{774E8E88-283F-48E2-8018-0CFB28A8DC34}.Debug|x86.Build.0 = Debug|Win32
		{774E8E88-283F-48E2-8018-0CFB28A8DC34}.Release|x64.ActiveCfg = Release|x64
		{774E8E88-283F-48E2-8018-0CFB28A8DC34}.Release|x64.Build.0 = Release|x64
		{774E8E88-283F-48E2-8018-0CFB28A8DC34}.Release|x86.ActiveCfg = Release|Win32
		{774E8E88-283F-48E2-8018-0CFB28A8DC34}.Release|x86.Build.0 = Release|Win32
		{FFA543F8-BBC5-4E11-B9B4-FE5515282C7F}.Debug|x64.ActiveCfg = Debug|x64
		{FFA543F8-BBC5-4E11-B9B4-FE5515282C7F}.Debug|x64.Build.0 = Debug|x64
		{FFA543F8-BBC5-4E11-B9B4-FE5515282C7F}.Debug|x86.ActiveCfg = Debug|Win32
		{FFA543F8-BBC5-4E11-B9B4-FE5515282C7F}.Debug|x86.Build.0 = Debug|Win32
		{FFA543F8-BBC5-4E11-B9B4-FE5515282C7F}.Release|x64.ActiveCfg = Release|x64
		{FFA543F8-BBC5-4E11-B9B4-FE5515282C7F}.Release|x64.Build.0 = Release|x64
		{FFA543F8-BBC5-4E11-B9B4-FE5515282C7F}.Release|x86.ActiveCfg = Release|Win32
		{FFA543F8-BBC5-4E11-B9B4-FE5515282C7F}.Release|x86.Build.0 = Release|Win32
		{C7CD1DDA-39C9-4474-A2FA-4D7F88DEC310}.Debug|x64.ActiveCfg = Debug|x64
		{C7CD1DDA-39C9-4474-A2FA-4D7F88DEC310}.Debug|x64.Build.0 = Debug|x64
		{C7CD1DDA-39C9-4474-A2FA-4D7F88DEC310}.Debug|x86.ActiveCfg = Debug|Win32
		{C7CD1DDA-39C9-4474-A2FA-4D7F88DEC310}.Debug|x86.Build.0 = Debug|Win32
		{C7CD1DDA-39C9-4474-A2FA-4D7F88DEC310}.Release|x64.ActiveCfg = Release|x64
		{C7CD1DDA-39C9-4474-A2FA-4D7F88DEC310}.Release|x64.Build.0 = Release|x64
		{C7CD1DDA-39C9-4474-A2FA-4D7F88DEC310}.Release|x86.ActiveCfg = Release|Win32
		{C7CD1DDA-39C9-4474-A2FA-4D7F88DEC310}.Release|x86.Build.0 = Release|Win32
	EndGlobalSection
	GlobalSection(SolutionProperties) = preSolution
		HideSolutionNode = FALSE
	EndGlobalSection
	GlobalSection(ExtensibilityGlobals) = postSolution
		SolutionGuid = {27394085-BCD7-42C9-95E1-02122BFEA74C}
	EndGlobalSection
EndGlobal
